PODS:
  - Capacitor (7.4.1):
    - CapacitorCordova
  - CapacitorCordova (7.4.1)
  - CapacitorGeolocation (7.1.3):
    - Capacitor
    - IONGeolocationLib (~> 1.0)
  - CapacitorPreferences (7.0.1):
    - Capacitor
  - CapacitorSplashScreen (7.0.1):
    - Capacitor
  - IONGeolocationLib (1.0.0)

DEPENDENCIES:
  - "Capacitor (from `../../node_modules/@capacitor/ios`)"
  - "CapacitorCordova (from `../../node_modules/@capacitor/ios`)"
  - "CapacitorGeolocation (from `../../node_modules/@capacitor/geolocation`)"
  - "CapacitorPreferences (from `../../node_modules/@capacitor/preferences`)"
  - "CapacitorSplashScreen (from `../../node_modules/@capacitor/splash-screen`)"

SPEC REPOS:
  trunk:
    - IONGeolocationLib

EXTERNAL SOURCES:
  Capacitor:
    :path: "../../node_modules/@capacitor/ios"
  CapacitorCordova:
    :path: "../../node_modules/@capacitor/ios"
  CapacitorGeolocation:
    :path: "../../node_modules/@capacitor/geolocation"
  CapacitorPreferences:
    :path: "../../node_modules/@capacitor/preferences"
  CapacitorSplashScreen:
    :path: "../../node_modules/@capacitor/splash-screen"

SPEC CHECKSUMS:
  Capacitor: 4738747ece274c45e4d9bec9ae394a6269169e64
  CapacitorCordova: 34618fa1b14b6b091fd60a7658f7654044ae8d8a
  CapacitorGeolocation: 551a7a947ab0219a84cda01a0af91fb46bd3884b
  CapacitorPreferences: cbf154e5e5519b7f5ab33817a334dda1e98387f9
  CapacitorSplashScreen: 19cd3573e57507e02d6f34597a8c421e00931487
  IONGeolocationLib: 81f33f88d025846946de2cf63b0c7628e7c6bc9d

PODFILE CHECKSUM: 9957cd692aad73a17e9d8554cdd9f58dede899b0

COCOAPODS: 1.16.2
