PODS:
  - Capacitor (7.4.2):
    - CapacitorCordova
  - CapacitorCommunityAppleSignIn (7.0.1):
    - Capacitor
  - CapacitorCordova (7.4.2)
  - CapacitorGeolocation (7.1.4):
    - Capacitor
    - IONGeolocationLib (~> 1.0)
  - CapacitorPreferences (7.0.1):
    - Capacitor
  - CapacitorSplashScreen (7.0.1):
    - Capacitor
  - IONGeolocationLib (1.0.0)

DEPENDENCIES:
  - "Capacitor (from `../../node_modules/@capacitor/ios`)"
  - "CapacitorCommunityAppleSignIn (from `../../node_modules/@capacitor-community/apple-sign-in`)"
  - "CapacitorCordova (from `../../node_modules/@capacitor/ios`)"
  - "CapacitorGeolocation (from `../../node_modules/@capacitor/geolocation`)"
  - "CapacitorPreferences (from `../../node_modules/@capacitor/preferences`)"
  - "CapacitorSplashScreen (from `../../node_modules/@capacitor/splash-screen`)"

SPEC REPOS:
  trunk:
    - IONGeolocationLib

EXTERNAL SOURCES:
  Capacitor:
    :path: "../../node_modules/@capacitor/ios"
  CapacitorCommunityAppleSignIn:
    :path: "../../node_modules/@capacitor-community/apple-sign-in"
  CapacitorCordova:
    :path: "../../node_modules/@capacitor/ios"
  CapacitorGeolocation:
    :path: "../../node_modules/@capacitor/geolocation"
  CapacitorPreferences:
    :path: "../../node_modules/@capacitor/preferences"
  CapacitorSplashScreen:
    :path: "../../node_modules/@capacitor/splash-screen"

SPEC CHECKSUMS:
  Capacitor: 156d98aba46ec01dde72c4bbb92fa626837cad29
  CapacitorCommunityAppleSignIn: b95415441e6c4223783a543f3a736ea4eabf8524
  CapacitorCordova: 5e58d04631bc5094894ac106e2bf1da18a9e6151
  CapacitorGeolocation: 5583eb25815522c4b4cb38936ac7fea8a34996d9
  CapacitorPreferences: cbf154e5e5519b7f5ab33817a334dda1e98387f9
  CapacitorSplashScreen: 19cd3573e57507e02d6f34597a8c421e00931487
  IONGeolocationLib: 81f33f88d025846946de2cf63b0c7628e7c6bc9d

PODFILE CHECKSUM: 899d6897cf91878c5be44a725c4d39c844eb3ca6

COCOAPODS: 1.16.2
